{
    "name": "@shopascart/uuid",
    "version": "1.0.0",
    "lockfileVersion": 2,
    "requires": true,
    "packages": {
        "": {
            "name": "@shopascart/uuid",
            "version": "1.0.0",
            "license": "MIT",
            "dependencies": {
                "valtio": "^1.6.4"
            },
            "devDependencies": {
                "@types/node": "^18.0.0",
                "typescript": "^4.7.4"
            },
            "peerDependencies": {
                "react": "^18.2.0",
                "react-dom": "^18.2.0"
            }
        },
        "node_modules/@types/node": {
            "version": "18.11.9",
            "resolved": "https://registry.npmjs.org/@types/node/-/node-18.11.9.tgz",
            "integrity": "sha512-CRpX21/kGdzjOpFsZSkcrXMGIBWMGNIHXXBVFSH+ggkftxg+XYP20TESbh+zFvFj3EQOl5byk0HTRn1IL6hbqg==",
            "dev": true
        },
        "node_modules/js-tokens": {
            "version": "4.0.0",
            "resolved": "https://registry.npmjs.org/js-tokens/-/js-tokens-4.0.0.tgz",
            "integrity": "sha512-RdJUflcE3cUzKiMqQgsCu06FPu9UdIJO0beYbPhHN4k6apgJtifcoCtT9bcxOpYBtpD2kCM6Sbzg4CausW/PKQ==",
            "peer": true
        },
        "node_modules/loose-envify": {
            "version": "1.4.0",
            "resolved": "https://registry.npmjs.org/loose-envify/-/loose-envify-1.4.0.tgz",
            "integrity": "sha512-lyuxPGr/Wfhrlem2CL/UcnUc1zcqKAImBDzukY7Y5F/yQiNdko6+fRLevlw1HgMySw7f611UIY408EtxRSoK3Q==",
            "peer": true,
            "dependencies": {
                "js-tokens": "^3.0.0 || ^4.0.0"
            },
            "bin": {
                "loose-envify": "cli.js"
            }
        },
        "node_modules/proxy-compare": {
            "version": "2.3.0",
            "resolved": "https://registry.npmjs.org/proxy-compare/-/proxy-compare-2.3.0.tgz",
            "integrity": "sha512-c3L2CcAi7f7pvlD0D7xsF+2CQIW8C3HaYx2Pfgq8eA4HAl3GAH6/dVYsyBbYF/0XJs2ziGLrzmz5fmzPm6A0pQ=="
        },
        "node_modules/react": {
            "version": "18.2.0",
            "resolved": "https://registry.npmjs.org/react/-/react-18.2.0.tgz",
            "integrity": "sha512-/3IjMdb2L9QbBdWiW5e3P2/npwMBaU9mHCSCUzNln0ZCYbcfTsGbTJrU/kGemdH2IWmB2ioZ+zkxtmq6g09fGQ==",
            "peer": true,
            "dependencies": {
                "loose-envify": "^1.1.0"
            },
            "engines": {
                "node": ">=0.10.0"
            }
        },
        "node_modules/react-dom": {
            "version": "18.2.0",
            "resolved": "https://registry.npmjs.org/react-dom/-/react-dom-18.2.0.tgz",
            "integrity": "sha512-6IMTriUmvsjHUjNtEDudZfuDQUoWXVxKHhlEGSk81n4YFS+r/Kl99wXiwlVXtPBtJenozv2P+hxDsw9eA7Xo6g==",
            "peer": true,
            "dependencies": {
                "loose-envify": "^1.1.0",
                "scheduler": "^0.23.0"
            },
            "peerDependencies": {
                "react": "^18.2.0"
            }
        },
        "node_modules/scheduler": {
            "version": "0.23.0",
            "resolved": "https://registry.npmjs.org/scheduler/-/scheduler-0.23.0.tgz",
            "integrity": "sha512-CtuThmgHNg7zIZWAXi3AsyIzA3n4xx7aNyjwC2VJldO2LMVDhFK+63xGqq6CsJH4rTAt6/M+N4GhZiDYPx9eUw==",
            "peer": true,
            "dependencies": {
                "loose-envify": "^1.1.0"
            }
        },
        "node_modules/typescript": {
            "version": "4.9.3",
            "resolved": "https://registry.npmjs.org/typescript/-/typescript-4.9.3.tgz",
            "integrity": "sha512-CIfGzTelbKNEnLpLdGFgdyKhG23CKdKgQPOBc+OUNrkJ2vr+KSzsSV5kq5iWhEQbok+quxgGzrAtGWCyU7tHnA==",
            "dev": true,
            "bin": {
                "tsc": "bin/tsc",
                "tsserver": "bin/tsserver"
            },
            "engines": {
                "node": ">=4.2.0"
            }
        },
        "node_modules/use-sync-external-store": {
            "version": "1.2.0",
            "resolved": "https://registry.npmjs.org/use-sync-external-store/-/use-sync-external-store-1.2.0.tgz",
            "integrity": "sha512-eEgnFxGQ1Ife9bzYs6VLi8/4X6CObHMw9Qr9tPY43iKwsPw8xE8+EFsf/2cFZ5S3esXgpWgtSCtLNS41F+sKPA==",
            "peerDependencies": {
                "react": "^16.8.0 || ^17.0.0 || ^18.0.0"
            }
        },
        "node_modules/valtio": {
            "version": "1.7.6",
            "resolved": "https://registry.npmjs.org/valtio/-/valtio-1.7.6.tgz",
            "integrity": "sha512-zsGrCCYOIpy8egQxftduFyJusF/BMu3CganhHKUOE/I6t6V6yA1MDfZZkrYoWYCGkC3rSBYcIHEEsoYQM9lV2w==",
            "dependencies": {
                "proxy-compare": "2.3.0",
                "use-sync-external-store": "1.2.0"
            },
            "engines": {
                "node": ">=12.7.0"
            },
            "peerDependencies": {
                "@babel/helper-module-imports": ">=7.12",
                "@babel/types": ">=7.13",
                "aslemammad-vite-plugin-macro": ">=1.0.0-alpha.1",
                "babel-plugin-macros": ">=3.0",
                "react": ">=16.8",
                "vite": ">=2.8.6"
            },
            "peerDependenciesMeta": {
                "@babel/helper-module-imports": {
                    "optional": true
                },
                "@babel/types": {
                    "optional": true
                },
                "aslemammad-vite-plugin-macro": {
                    "optional": true
                },
                "babel-plugin-macros": {
                    "optional": true
                },
                "react": {
                    "optional": true
                },
                "vite": {
                    "optional": true
                }
            }
        }
    },
    "dependencies": {
        "@types/node": {
            "version": "18.11.9",
            "resolved": "https://registry.npmjs.org/@types/node/-/node-18.11.9.tgz",
            "integrity": "sha512-CRpX21/kGdzjOpFsZSkcrXMGIBWMGNIHXXBVFSH+ggkftxg+XYP20TESbh+zFvFj3EQOl5byk0HTRn1IL6hbqg==",
            "dev": true
        },
        "js-tokens": {
            "version": "4.0.0",
            "resolved": "https://registry.npmjs.org/js-tokens/-/js-tokens-4.0.0.tgz",
            "integrity": "sha512-RdJUflcE3cUzKiMqQgsCu06FPu9UdIJO0beYbPhHN4k6apgJtifcoCtT9bcxOpYBtpD2kCM6Sbzg4CausW/PKQ==",
            "peer": true
        },
        "loose-envify": {
            "version": "1.4.0",
            "resolved": "https://registry.npmjs.org/loose-envify/-/loose-envify-1.4.0.tgz",
            "integrity": "sha512-lyuxPGr/Wfhrlem2CL/UcnUc1zcqKAImBDzukY7Y5F/yQiNdko6+fRLevlw1HgMySw7f611UIY408EtxRSoK3Q==",
            "peer": true,
            "requires": {
                "js-tokens": "^3.0.0 || ^4.0.0"
            }
        },
        "proxy-compare": {
            "version": "2.3.0",
            "resolved": "https://registry.npmjs.org/proxy-compare/-/proxy-compare-2.3.0.tgz",
            "integrity": "sha512-c3L2CcAi7f7pvlD0D7xsF+2CQIW8C3HaYx2Pfgq8eA4HAl3GAH6/dVYsyBbYF/0XJs2ziGLrzmz5fmzPm6A0pQ=="
        },
        "react": {
            "version": "18.2.0",
            "resolved": "https://registry.npmjs.org/react/-/react-18.2.0.tgz",
            "integrity": "sha512-/3IjMdb2L9QbBdWiW5e3P2/npwMBaU9mHCSCUzNln0ZCYbcfTsGbTJrU/kGemdH2IWmB2ioZ+zkxtmq6g09fGQ==",
            "peer": true,
            "requires": {
                "loose-envify": "^1.1.0"
            }
        },
        "react-dom": {
            "version": "18.2.0",
            "resolved": "https://registry.npmjs.org/react-dom/-/react-dom-18.2.0.tgz",
            "integrity": "sha512-6IMTriUmvsjHUjNtEDudZfuDQUoWXVxKHhlEGSk81n4YFS+r/Kl99wXiwlVXtPBtJenozv2P+hxDsw9eA7Xo6g==",
            "peer": true,
            "requires": {
                "loose-envify": "^1.1.0",
                "scheduler": "^0.23.0"
            }
        },
        "scheduler": {
            "version": "0.23.0",
            "resolved": "https://registry.npmjs.org/scheduler/-/scheduler-0.23.0.tgz",
            "integrity": "sha512-CtuThmgHNg7zIZWAXi3AsyIzA3n4xx7aNyjwC2VJldO2LMVDhFK+63xGqq6CsJH4rTAt6/M+N4GhZiDYPx9eUw==",
            "peer": true,
            "requires": {
                "loose-envify": "^1.1.0"
            }
        },
        "typescript": {
            "version": "4.9.3",
            "resolved": "https://registry.npmjs.org/typescript/-/typescript-4.9.3.tgz",
            "integrity": "sha512-CIfGzTelbKNEnLpLdGFgdyKhG23CKdKgQPOBc+OUNrkJ2vr+KSzsSV5kq5iWhEQbok+quxgGzrAtGWCyU7tHnA==",
            "dev": true
        },
        "use-sync-external-store": {
            "version": "1.2.0",
            "resolved": "https://registry.npmjs.org/use-sync-external-store/-/use-sync-external-store-1.2.0.tgz",
            "integrity": "sha512-eEgnFxGQ1Ife9bzYs6VLi8/4X6CObHMw9Qr9tPY43iKwsPw8xE8+EFsf/2cFZ5S3esXgpWgtSCtLNS41F+sKPA==",
            "requires": {}
        },
        "valtio": {
            "version": "1.7.6",
            "resolved": "https://registry.npmjs.org/valtio/-/valtio-1.7.6.tgz",
            "integrity": "sha512-zsGrCCYOIpy8egQxftduFyJusF/BMu3CganhHKUOE/I6t6V6yA1MDfZZkrYoWYCGkC3rSBYcIHEEsoYQM9lV2w==",
            "requires": {
                "proxy-compare": "2.3.0",
                "use-sync-external-store": "1.2.0"
            }
        }
    }
}
